
Microsoft Visual Studio Solution File, Format Version 12.00
# Visual Studio Version 16
VisualStudioVersion = 16.0.31129.286
MinimumVisualStudioVersion = 10.0.40219.1
Project("{888888A0-9F3D-457C-B088-3A5042F75D52}") = "LongitudDeArco", "LongitudDeArco.pyproj", "{4966B5AD-8A92-4C26-AC52-6E2B5458242C}"
EndProject
Global
	GlobalSection(SolutionConfigurationPlatforms) = preSolution
		Debug|Any CPU = Debug|Any CPU
		Release|Any CPU = Release|Any CPU
	EndGlobalSection
	GlobalSection(ProjectConfigurationPlatforms) = postSolution
		{4966B5AD-8A92-4C26-AC52-6E2B5458242C}.Debug|Any CPU.ActiveCfg = Debug|Any CPU
		{4966B5AD-8A92-4C26-AC52-6E2B5458242C}.Release|Any CPU.ActiveCfg = Release|Any CPU
	EndGlobalSection
	GlobalSection(SolutionProperties) = preSolution
		HideSolutionNode = FALSE
	EndGlobalSection
	GlobalSection(ExtensibilityGlobals) = postSolution
		SolutionGuid = {6180E9ED-37B2-4FBC-9674-4E53C7BA15BF}
	EndGlobalSection
EndGlobal
